lockfileVersion: '9.0'

settings:
  autoInstallPeers: true
  excludeLinksFromLockfile: false

importers:

  .:
    devDependencies:
      turbo:
        specifier: ^2.0.12
        version: 2.0.12

  packages/typescript-config: {}

  packages/ui:
    dependencies:
      react:
        specifier: ^18.3.1
        version: 18.3.1
    devDependencies:
      '@repo/typescript-config':
        specifier: workspace:*
        version: link:../typescript-config
      '@types/node':
        specifier: ^22.1.0
        version: 22.1.0
      '@types/react':
        specifier: ^18.3.3
        version: 18.3.3
      '@types/react-dom':
        specifier: ^18.3.0
        version: 18.3.0
      typescript:
        specifier: ^5.5.4
        version: 5.5.4

packages:

  '@types/node@22.1.0':
    resolution: {integrity: sha512-AOmuRF0R2/5j1knA3c6G3HOk523Ga+l+ZXltX8SF1+5oqcXijjfTd8fY3XRZqSihEu9XhtQnKYLmkFaoxgsJHw==}

  '@types/prop-types@15.7.5':
    resolution: {integrity: sha512-JCB8C6SnDoQf0cNycqd/35A7MjcnK+ZTqE7judS6o7utxUCg6imJg3QK2qzHKszlTjcj2cn+NwMB2i96ubpj7w==}

  '@types/react-dom@18.3.0':
    resolution: {integrity: sha512-EhwApuTmMBmXuFOikhQLIBUn6uFg81SwLMOAUgodJF14SOBOCMdU04gDoYi0WOJJHD144TL32z4yDqCW3dnkQg==}

  '@types/react@18.3.3':
    resolution: {integrity: sha512-hti/R0pS0q1/xx+TsI73XIqk26eBsISZ2R0wUijXIngRK9R/e7Xw/cXVxQK7R5JjW+SV4zGcn5hXjudkN/pLIw==}

  csstype@3.1.2:
    resolution: {integrity: sha512-I7K1Uu0MBPzaFKg4nI5Q7Vs2t+3gWWW648spaF+Rg7pI9ds18Ugn+lvg4SHczUdKlHI5LWBXyqfS8+DufyBsgQ==}

  js-tokens@4.0.0:
    resolution: {integrity: sha512-RdJUflcE3cUzKiMqQgsCu06FPu9UdIJO0beYbPhHN4k6apgJtifcoCtT9bcxOpYBtpD2kCM6Sbzg4CausW/PKQ==}

  loose-envify@1.4.0:
    resolution: {integrity: sha512-lyuxPGr/Wfhrlem2CL/UcnUc1zcqKAImBDzukY7Y5F/yQiNdko6+fRLevlw1HgMySw7f611UIY408EtxRSoK3Q==}
    hasBin: true

  react@18.3.1:
    resolution: {integrity: sha512-wS+hAgJShR0KhEvPJArfuPVN1+Hz1t0Y6n5jLrGQbkb4urgPE/0Rve+1kMB1v/oWgHgm4WIcV+i7F2pTVj+2iQ==}
    engines: {node: '>=0.10.0'}

  turbo-darwin-64@2.0.12:
    resolution: {integrity: sha512-NAgfgbXxX/JScWQmmQnGbPuFZq7LIswHfcMk5JwyBXQM/xmklNOxxac7MnGGIOf19Z2f6S3qHy17VIj0SeGfnA==}
    cpu: [x64]
    os: [darwin]

  turbo-darwin-arm64@2.0.12:
    resolution: {integrity: sha512-cP02uer5KSJ+fXL+OfRRk5hnVjV0c60hxDgNcJxrZpfhun7HHoKDDR7w2xhQntiA45aC6ZZEXRqMKpj6GAmKbg==}
    cpu: [arm64]
    os: [darwin]

  turbo-linux-64@2.0.12:
    resolution: {integrity: sha512-+mQgGfg1eq5qF+wenK/FKJaNMNAo5DQLC4htQy+8osW+fx6U+8+6UlPQPaycAWDEqwOI7NwuqkeHfkEQLQUTyQ==}
    cpu: [x64]
    os: [linux]

  turbo-linux-arm64@2.0.12:
    resolution: {integrity: sha512-KFyEZDXfPU1DK4zimxdCcqAcK7IIttX4mfsgB7NsSEOmH0dhHOih/YFYiyEDC1lTRx0C2RlzQ0Kjjdz48AN5Eg==}
    cpu: [arm64]
    os: [linux]

  turbo-windows-64@2.0.12:
    resolution: {integrity: sha512-kJj4KCkZTkDTDCqsSw1m1dbO4WeoQq1mYUm/thXOH0OkeqYbSMt0EyoTcJOgKUDsrMnzZD2gPfYrlYHtV69lVA==}
    cpu: [x64]
    os: [win32]

  turbo-windows-arm64@2.0.12:
    resolution: {integrity: sha512-TY3ROxguDilN2olCwcZMaePdW01Xhma0pZU7bNhsQEqca9RGAmsZBuzfGnTMcWPmv4tpnb/PlX1hrt1Hod/44Q==}
    cpu: [arm64]
    os: [win32]

  turbo@2.0.12:
    resolution: {integrity: sha512-8s2KwqjwQj7z8Z53SUZSKVkQOZ2/Sl4D2F440oaBY/k2lGju60dW6srEpnn8/RIDeICZmQn3pQHF79Jfnc5Skw==}
    hasBin: true

  typescript@5.5.4:
    resolution: {integrity: sha512-Mtq29sKDAEYP7aljRgtPOpTvOfbwRWlS6dPRzwjdE+C0R4brX/GUyhHSecbHMFLNBLcJIPt9nl9yG5TZ1weH+Q==}
    engines: {node: '>=14.17'}
    hasBin: true

  undici-types@6.13.0:
    resolution: {integrity: sha512-xtFJHudx8S2DSoujjMd1WeWvn7KKWFRESZTMeL1RptAYERu29D6jphMjjY+vn96jvN3kVPDNxU/E13VTaXj6jg==}

snapshots:

  '@types/node@22.1.0':
    dependencies:
      undici-types: 6.13.0

  '@types/prop-types@15.7.5': {}

  '@types/react-dom@18.3.0':
    dependencies:
      '@types/react': 18.3.3

  '@types/react@18.3.3':
    dependencies:
      '@types/prop-types': 15.7.5
      csstype: 3.1.2

  csstype@3.1.2: {}

  js-tokens@4.0.0: {}

  loose-envify@1.4.0:
    dependencies:
      js-tokens: 4.0.0

  react@18.3.1:
    dependencies:
      loose-envify: 1.4.0

  turbo-darwin-64@2.0.12:
    optional: true

  turbo-darwin-arm64@2.0.12:
    optional: true

  turbo-linux-64@2.0.12:
    optional: true

  turbo-linux-arm64@2.0.12:
    optional: true

  turbo-windows-64@2.0.12:
    optional: true

  turbo-windows-arm64@2.0.12:
    optional: true

  turbo@2.0.12:
    optionalDependencies:
      turbo-darwin-64: 2.0.12
      turbo-darwin-arm64: 2.0.12
      turbo-linux-64: 2.0.12
      turbo-linux-arm64: 2.0.12
      turbo-windows-64: 2.0.12
      turbo-windows-arm64: 2.0.12

  typescript@5.5.4: {}

  undici-types@6.13.0: {}
